<?xml version="1.0" encoding="utf-8"?>
<Project ToolsVersion="4.0" xmlns="http://schemas.microsoft.com/developer/msbuild/2003">
  <ItemGroup>
    <Filter Include="Source Files">
      <UniqueIdentifier>{5B3DD454-DC6C-4C6F-B6C1-6756E5507751}</UniqueIdentifier>
    </Filter>
    <Filter Include="Header Files">
      <UniqueIdentifier>{BC79616B-2BC1-4F1B-B3B5-C1322D31FE53}</UniqueIdentifier>
    </Filter>
  </ItemGroup>
  <ItemGroup>
    <ClCompile Include="src\BinaryDecoder.cpp">
      <Filter>Source Files</Filter>
    </ClCompile>
    <ClCompile Include="src\DataLogger.cpp">
      <Filter>Source Files</Filter>
    </ClCompile>
    <ClCompile Include="src\DataLoggerC.cpp">
      <Filter>Source Files</Filter>
    </ClCompile>
    <ClCompile Include="src\DataLoggerCore.cpp">
      <Filter>Source Files</Filter>
    </ClCompile>
    <ClCompile Include="src\Schema.cpp">
      <Filter>Source Files</Filter>
    </ClCompile>
    <ClCompile Include="src\SchemaLoaderCsv.cpp">
      <Filter>Source Files</Filter>
    </ClCompile>
    <ClCompile Include="src\SchemaValidator.cpp">
      <Filter>Source Files</Filter>
    </ClCompile>
    <ClCompile Include="src\TableHandle.cpp">
      <Filter>Source Files</Filter>
    </ClCompile>
  </ItemGroup>
  <ItemGroup>
    <ClInclude Include="include\DataLogger\BinaryDecoder.h">
      <Filter>Header Files</Filter>
    </ClInclude>
    <ClInclude Include="include\DataLogger\DataLogger.h">
      <Filter>Header Files</Filter>
    </ClInclude>
    <ClInclude Include="include\DataLogger\DataLoggerC.h">
      <Filter>Header Files</Filter>
    </ClInclude>
    <ClInclude Include="include\DataLogger\DataLoggerConfig.h">
      <Filter>Header Files</Filter>
    </ClInclude>
    <ClInclude Include="include\DataLogger\Error.h">
      <Filter>Header Files</Filter>
    </ClInclude>
    <ClInclude Include="include\DataLogger\IDBBackend.h">
      <Filter>Header Files</Filter>
    </ClInclude>
    <ClInclude Include="include\DataLogger\Schema.h">
      <Filter>Header Files</Filter>
    </ClInclude>
    <ClInclude Include="include\DataLogger\SchemaLoaderCsv.h">
      <Filter>Header Files</Filter>
    </ClInclude>
    <ClInclude Include="include\DataLogger\SchemaValidator.h">
      <Filter>Header Files</Filter>
    </ClInclude>
    <ClInclude Include="include\DataLogger\TableHandle.h">
      <Filter>Header Files</Filter>
    </ClInclude>
    <ClInclude Include="include\DataLogger\detail\DataLoggerCBridge.h">
      <Filter>Header Files</Filter>
    </ClInclude>
  </ItemGroup>
</Project>
